
Microsoft Visual Studio Solution File, Format Version 12.00
# Visual Studio Version 16
VisualStudioVersion = 16.0.31702.278
MinimumVisualStudioVersion = 10.0.40219.1
Project("{FAE04EC0-301F-11D3-BF4B-00C04F79EFBC}") = "GitHubMonitorApp", "GitHubMonitorApp\GitHubMonitorApp.csproj", "{5AD3092B-FF38-43F9-AB7A-6DA93D6324D1}"
EndProject
Global
	GlobalSection(SolutionConfigurationPlatforms) = preSolution
		Debug|Any CPU = Debug|Any CPU
		Release|Any CPU = Release|Any CPU
	EndGlobalSection
	GlobalSection(ProjectConfigurationPlatforms) = postSolution
		{5AD3092B-FF38-43F9-AB7A-6DA93D6324D1}.Debug|Any CPU.ActiveCfg = Debug|Any CPU
		{5AD3092B-FF38-43F9-AB7A-6DA93D6324D1}.Debug|Any CPU.Build.0 = Debug|Any CPU
		{5AD3092B-FF38-43F9-AB7A-6DA93D6324D1}.Release|Any CPU.ActiveCfg = Release|Any CPU
		{5AD3092B-FF38-43F9-AB7A-6DA93D6324D1}.Release|Any CPU.Build.0 = Release|Any CPU
	EndGlobalSection
	GlobalSection(SolutionProperties) = preSolution
		HideSolutionNode = FALSE
	EndGlobalSection
	GlobalSection(ExtensibilityGlobals) = postSolution
		SolutionGuid = {7618EEDB-A1A4-43B2-A359-072851B9DBE2}
	EndGlobalSection
EndGlobal
